// !$*UTF8*$!
{
	archiveVersion = 1;
	classes = {
	};
	objectVersion = 56;
	objects = {

/* Begin PBXBuildFile section */
		A0010000000000000000A001 /* AppDelegate.swift in Sources */ = {isa = PBXBuildFile; fileRef = B0010000000000000000A001 /* AppDelegate.swift */; };
		A0020000000000000000A002 /* SceneDelegate.swift in Sources */ = {isa = PBXBuildFile; fileRef = B0020000000000000000A002 /* SceneDelegate.swift */; };
		A0030000000000000000A003 /* VHDMainViewController.swift in Sources */ = {isa = PBXBuildFile; fileRef = B0030000000000000000A003 /* VHDMainViewController.swift */; };
		A0040000000000000000A004 /* VHDAutoSwipeEngine.swift in Sources */ = {isa = PBXBuildFile; fileRef = B0040000000000000000A004 /* VHDAutoSwipeEngine.swift */; };
		A0050000000000000000A005 /* VHDAutoClickEngine.swift in Sources */ = {isa = PBXBuildFile; fileRef = B0050000000000000000A005 /* VHDAutoClickEngine.swift */; };
		A0060000000000000000A006 /* VHDStandalonePanel.swift in Sources */ = {isa = PBXBuildFile; fileRef = B0060000000000000000A006 /* VHDStandalonePanel.swift */; };
/* End PBXBuildFile section */

/* Begin PBXFileReference section */
		B0010000000000000000A001 /* AppDelegate.swift */ = {isa = PBXFileReference; lastKnownFileType = sourcecode.swift; path = AppDelegate.swift; sourceTree = "<group>"; };
		B0020000000000000000A002 /* SceneDelegate.swift */ = {isa = PBXFileReference; lastKnownFileType = sourcecode.swift; path = SceneDelegate.swift; sourceTree = "<group>"; };
		B0030000000000000000A003 /* VHDMainViewController.swift */ = {isa = PBXFileReference; lastKnownFileType = sourcecode.swift; path = VHDMainViewController.swift; sourceTree = "<group>"; };
		B0040000000000000000A004 /* VHDAutoSwipeEngine.swift */ = {isa = PBXFileReference; lastKnownFileType = sourcecode.swift; path = VHDAutoSwipeEngine.swift; sourceTree = "<group>"; };
		B0050000000000000000A005 /* VHDAutoClickEngine.swift */ = {isa = PBXFileReference; lastKnownFileType = sourcecode.swift; path = VHDAutoClickEngine.swift; sourceTree = "<group>"; };
		B0060000000000000000A006 /* VHDStandalonePanel.swift */ = {isa = PBXFileReference; lastKnownFileType = sourcecode.swift; path = VHDStandalonePanel.swift; sourceTree = "<group>"; };
		B0070000000000000000A007 /* Info.plist */ = {isa = PBXFileReference; lastKnownFileType = text.plist.xml; path = Info.plist; sourceTree = "<group>"; };
		C0010000000000000000A001 /* VibeTok.app */ = {isa = PBXFileReference; explicitFileType = wrapper.application; includeInIndex = 0; path = VibeTok.app; sourceTree = BUILT_PRODUCTS_DIR; };
/* End PBXFileReference section */

/* Begin PBXFrameworksBuildPhase section */
		D0010000000000000000A001 /* Frameworks */ = {
			isa = PBXFrameworksBuildPhase;
			buildActionMask = 2147483647;
			files = (
			);
			runOnlyForDeploymentPostprocessing = 0;
		};
/* End PBXFrameworksBuildPhase section */

/* Begin PBXGroup section */
		E0010000000000000000A001 = {
			isa = PBXGroup;
			children = (
				E0020000000000000000A002 /* VibeTok */,
				E0030000000000000000A003 /* Products */,
			);
			sourceTree = "<group>";
		};
		E0020000000000000000A002 /* VibeTok */ = {
			isa = PBXGroup;
			children = (
				E0040000000000000000A004 /* Sources */,
				E0050000000000000000A005 /* Resources */,
			);
			path = VibeTok;
			sourceTree = "<group>";
		};
		E0030000000000000000A003 /* Products */ = {
			isa = PBXGroup;
			children = (
				C0010000000000000000A001 /* VibeTok.app */,
			);
			name = Products;
			sourceTree = "<group>";
		};
		E0040000000000000000A004 /* Sources */ = {
			isa = PBXGroup;
			children = (
				B0010000000000000000A001 /* AppDelegate.swift */,
				B0020000000000000000A002 /* SceneDelegate.swift */,
				B0030000000000000000A003 /* VHDMainViewController.swift */,
				E0060000000000000000A006 /* Engines */,
				E0070000000000000000A007 /* UI */,
			);
			path = Sources;
			sourceTree = "<group>";
		};
		E0050000000000000000A005 /* Resources */ = {
			isa = PBXGroup;
			children = (
				B0070000000000000000A007 /* Info.plist */,
			);
			path = Resources;
			sourceTree = "<group>";
		};
		E0060000000000000000A006 /* Engines */ = {
			isa = PBXGroup;
			children = (
				B0040000000000000000A004 /* VHDAutoSwipeEngine.swift */,
				B0050000000000000000A005 /* VHDAutoClickEngine.swift */,
			);
			path = Engines;
			sourceTree = "<group>";
		};
		E0070000000000000000A007 /* UI */ = {
			isa = PBXGroup;
			children = (
				B0060000000000000000A006 /* VHDStandalonePanel.swift */,
			);
			path = UI;
			sourceTree = "<group>";
		};
/* End PBXGroup section */

/* Begin PBXNativeTarget section */
		F0010000000000000000A001 /* VibeTok */ = {
			isa = PBXNativeTarget;
			buildConfigurationList = G0010000000000000000A001 /* Build configuration list for PBXNativeTarget "VibeTok" */;
			buildPhases = (
				H0010000000000000000A001 /* Sources */,
				D0010000000000000000A001 /* Frameworks */,
				H0020000000000000000A002 /* Resources */,
			);
			buildRules = (
			);
			dependencies = (
			);
			name = VibeTok;
			productName = VibeTok;
			productReference = C0010000000000000000A001 /* VibeTok.app */;
			productType = "com.apple.product-type.application";
		};
/* End PBXNativeTarget section */

/* Begin PBXProject section */
		I0010000000000000000A001 /* Project object */ = {
			isa = PBXProject;
			attributes = {
				BuildIndependentTargetsInParallel = 1;
				LastSwiftUpdateCheck = 1500;
				LastUpgradeCheck = 1500;
				TargetAttributes = {
					F0010000000000000000A001 = {
						CreatedOnToolsVersion = 15.0;
					};
				};
			};
			buildConfigurationList = J0010000000000000000A001 /* Build configuration list for PBXProject "VibeTok" */;
			compatibilityVersion = "Xcode 14.0";
			developmentRegion = en;
			hasScannedForEncodings = 0;
			knownRegions = (
				en,
				Base,
			);
			mainGroup = E0010000000000000000A001;
			productRefGroup = E0030000000000000000A003 /* Products */;
			projectDirPath = "";
			projectRoot = "";
			targets = (
				F0010000000000000000A001 /* VibeTok */,
			);
		};
/* End PBXProject section */

/* Begin PBXResourcesBuildPhase section */
		H0020000000000000000A002 /* Resources */ = {
			isa = PBXResourcesBuildPhase;
			buildActionMask = 2147483647;
			files = (
			);
			runOnlyForDeploymentPostprocessing = 0;
		};
/* End PBXResourcesBuildPhase section */

/* Begin PBXSourcesBuildPhase section */
		H0010000000000000000A001 /* Sources */ = {
			isa = PBXSourcesBuildPhase;
			buildActionMask = 2147483647;
			files = (
				A0010000000000000000A001 /* AppDelegate.swift in Sources */,
				A0020000000000000000A002 /* SceneDelegate.swift in Sources */,
				A0030000000000000000A003 /* VHDMainViewController.swift in Sources */,
				A0040000000000000000A004 /* VHDAutoSwipeEngine.swift in Sources */,
				A0050000000000000000A005 /* VHDAutoClickEngine.swift in Sources */,
				A0060000000000000000A006 /* VHDStandalonePanel.swift in Sources */,
			);
			runOnlyForDeploymentPostprocessing = 0;
		};
/* End PBXSourcesBuildPhase section */

/* Begin XCBuildConfiguration section */
		K0010000000000000000A001 /* Debug */ = {
			isa = XCBuildConfiguration;
			buildSettings = {
				ALWAYS_SEARCH_USER_PATHS = NO;
				CLANG_ANALYZER_NONNULL = YES;
				CLANG_ANALYZER_NUMBER_OBJECT_CONVERSION = YES_AGGRESSIVE;
				CLANG_CXX_LANGUAGE_STANDARD = "gnu++20";
				CLANG_ENABLE_MODULES = YES;
				CLANG_ENABLE_OBJC_ARC = YES;
				CLANG_ENABLE_OBJC_WEAK = YES;
				CLANG_WARN_BLOCK_CAPTURE_AUTORELEASING = YES;
				CLANG_WARN_BOOL_CONVERSION = YES;
				CLANG_WARN_COMMA = YES;
				CLANG_WARN_CONSTANT_CONVERSION = YES;
				CLANG_WARN_DEPRECATED_OBJC_IMPLEMENTATIONS = YES;
				CLANG_WARN_DIRECT_OBJC_ISA_USAGE = YES_ERROR;
				CLANG_WARN_DOCUMENTATION_COMMENTS = YES;
				CLANG_WARN_EMPTY_BODY = YES;
				CLANG_WARN_ENUM_CONVERSION = YES;
				CLANG_WARN_INFINITE_RECURSION = YES;
				CLANG_WARN_INT_CONVERSION = YES;
				CLANG_WARN_NON_LITERAL_NULL_CONVERSION = YES;
				CLANG_WARN_OBJC_IMPLICIT_RETAIN_SELF = YES;
				CLANG_WARN_OBJC_LITERAL_CONVERSION = YES;
				CLANG_WARN_OBJC_ROOT_CLASS = YES_ERROR;
				CLANG_WARN_QUOTED_INCLUDE_IN_FRAMEWORK_HEADER = YES;
				CLANG_WARN_RANGE_LOOP_ANALYSIS = YES;
				CLANG_WARN_STRICT_PROTOTYPES = YES;
				CLANG_WARN_SUSPICIOUS_MOVE = YES;
				CLANG_WARN_UNGUARDED_AVAILABILITY = YES_AGGRESSIVE;
				CLANG_WARN_UNREACHABLE_CODE = YES;
				CLANG_WARN__DUPLICATE_METHOD_MATCH = YES;
				COPY_PHASE_STRIP = NO;
				DEBUG_INFORMATION_FORMAT = dwarf;
				ENABLE_STRICT_OBJC_MSGSEND = YES;
				ENABLE_TESTABILITY = YES;
				GCC_C_LANGUAGE_STANDARD = gnu17;
				GCC_DYNAMIC_NO_PIC = NO;
				GCC_NO_COMMON_BLOCKS = YES;
				GCC_OPTIMIZATION_LEVEL = 0;
				GCC_PREPROCESSOR_DEFINITIONS = (
					"DEBUG=1",
					"$(inherited)",
				);
				GCC_WARN_64_TO_32_BIT_CONVERSION = YES;
				GCC_WARN_ABOUT_RETURN_TYPE = YES_ERROR;
				GCC_WARN_UNDECLARED_SELECTOR = YES;
				GCC_WARN_UNINITIALIZED_AUTOS = YES_AGGRESSIVE;
				GCC_WARN_UNUSED_FUNCTION = YES;
				GCC_WARN_UNUSED_VARIABLE = YES;
				IPHONEOS_DEPLOYMENT_TARGET = 14.0;
				MTL_ENABLE_DEBUG_INFO = INCLUDE_SOURCE;
				MTL_FAST_MATH = YES;
				ONLY_ACTIVE_ARCH = YES;
				SDKROOT = iphoneos;
				SWIFT_ACTIVE_COMPILATION_CONDITIONS = DEBUG;
				SWIFT_OPTIMIZATION_LEVEL = "-Onone";
			};
			name = Debug;
		};
		K0020000000000000000A002 /* Release */ = {
			isa = XCBuildConfiguration;
			buildSettings = {
				ALWAYS_SEARCH_USER_PATHS = NO;
				CLANG_ANALYZER_NONNULL = YES;
				CLANG_ANALYZER_NUMBER_OBJECT_CONVERSION = YES_AGGRESSIVE;
				CLANG_CXX_LANGUAGE_STANDARD = "gnu++20";
				CLANG_ENABLE_MODULES = YES;
				CLANG_ENABLE_OBJC_ARC = YES;
				CLANG_ENABLE_OBJC_WEAK = YES;
				CLANG_WARN_BLOCK_CAPTURE_AUTORELEASING = YES;
				CLANG_WARN_BOOL_CONVERSION = YES;
				CLANG_WARN_COMMA = YES;
				CLANG_WARN_CONSTANT_CONVERSION = YES;
				CLANG_WARN_DEPRECATED_OBJC_IMPLEMENTATIONS = YES;
				CLANG_WARN_DIRECT_OBJC_ISA_USAGE = YES_ERROR;
				CLANG_WARN_DOCUMENTATION_COMMENTS = YES;
				CLANG_WARN_EMPTY_BODY = YES;
				CLANG_WARN_ENUM_CONVERSION = YES;
				CLANG_WARN_INFINITE_RECURSION = YES;
				CLANG_WARN_INT_CONVERSION = YES;
				CLANG_WARN_NON_LITERAL_NULL_CONVERSION = YES;
				CLANG_WARN_OBJC_IMPLICIT_RETAIN_SELF = YES;
				CLANG_WARN_OBJC_LITERAL_CONVERSION = YES;
				CLANG_WARN_OBJC_ROOT_CLASS = YES_ERROR;
				CLANG_WARN_QUOTED_INCLUDE_IN_FRAMEWORK_HEADER = YES;
				CLANG_WARN_RANGE_LOOP_ANALYSIS = YES;
				CLANG_WARN_STRICT_PROTOTYPES = YES;
				CLANG_WARN_SUSPICIOUS_MOVE = YES;
				CLANG_WARN_UNGUARDED_AVAILABILITY = YES_AGGRESSIVE;
				CLANG_WARN_UNREACHABLE_CODE = YES;
				CLANG_WARN__DUPLICATE_METHOD_MATCH = YES;
				COPY_PHASE_STRIP = NO;
				DEBUG_INFORMATION_FORMAT = "dwarf-with-dsym";
				ENABLE_NS_ASSERTIONS = NO;
				ENABLE_STRICT_OBJC_MSGSEND = YES;
				GCC_C_LANGUAGE_STANDARD = gnu17;
				GCC_NO_COMMON_BLOCKS = YES;
				GCC_WARN_64_TO_32_BIT_CONVERSION = YES;
				GCC_WARN_ABOUT_RETURN_TYPE = YES_ERROR;
				GCC_WARN_UNDECLARED_SELECTOR = YES;
				GCC_WARN_UNINITIALIZED_AUTOS = YES_AGGRESSIVE;
				GCC_WARN_UNUSED_FUNCTION = YES;
				GCC_WARN_UNUSED_VARIABLE = YES;
				IPHONEOS_DEPLOYMENT_TARGET = 14.0;
				MTL_ENABLE_DEBUG_INFO = NO;
				MTL_FAST_MATH = YES;
				SDKROOT = iphoneos;
				SWIFT_COMPILATION_MODE = wholemodule;
				SWIFT_OPTIMIZATION_LEVEL = "-O";
				VALIDATE_PRODUCT = YES;
			};
			name = Release;
		};
		L0010000000000000000A001 /* Debug */ = {
			isa = XCBuildConfiguration;
			buildSettings = {
				ASSETCATALOG_COMPILER_GLOBAL_ACCENT_COLOR_NAME = AccentColor;
				CODE_SIGN_STYLE = Automatic;
				CURRENT_PROJECT_VERSION = 1;
				DEVELOPMENT_TEAM = "";
				GENERATE_INFOPLIST_FILE = NO;
				INFOPLIST_FILE = VibeTok/Resources/Info.plist;
				INFOPLIST_KEY_UIApplicationSceneManifest_Generation = YES;
				INFOPLIST_KEY_UIApplicationSupportsIndirectInputEvents = YES;
				INFOPLIST_KEY_UILaunchScreen_Generation = YES;
				INFOPLIST_KEY_UISupportedInterfaceOrientations_iPad = "UIInterfaceOrientationPortrait UIInterfaceOrientationPortraitUpsideDown UIInterfaceOrientationLandscapeLeft UIInterfaceOrientationLandscapeRight";
				INFOPLIST_KEY_UISupportedInterfaceOrientations_iPhone = "UIInterfaceOrientationPortrait UIInterfaceOrientationLandscapeLeft UIInterfaceOrientationLandscapeRight";
				LD_RUNPATH_SEARCH_PATHS = (
					"$(inherited)",
					"@executable_path/Frameworks",
				);
				MARKETING_VERSION = 2.0;
				PRODUCT_BUNDLE_IDENTIFIER = com.6gr8.vibetokhd.standalone;
				PRODUCT_NAME = "$(TARGET_NAME)";
				SWIFT_EMIT_LOC_STRINGS = YES;
				SWIFT_VERSION = 5.0;
				TARGETED_DEVICE_FAMILY = "1,2";
			};
			name = Debug;
		};
		L0020000000000000000A002 /* Release */ = {
			isa = XCBuildConfiguration;
			buildSettings = {
				ASSETCATALOG_COMPILER_GLOBAL_ACCENT_COLOR_NAME = AccentColor;
				CODE_SIGN_STYLE = Automatic;
				CURRENT_PROJECT_VERSION = 1;
				DEVELOPMENT_TEAM = "";
				GENERATE_INFOPLIST_FILE = NO;
				INFOPLIST_FILE = VibeTok/Resources/Info.plist;
				INFOPLIST_KEY_UIApplicationSceneManifest_Generation = YES;
				INFOPLIST_KEY_UIApplicationSupportsIndirectInputEvents = YES;
				INFOPLIST_KEY_UILaunchScreen_Generation = YES;
				INFOPLIST_KEY_UISupportedInterfaceOrientations_iPad = "UIInterfaceOrientationPortrait UIInterfaceOrientationPortraitUpsideDown UIInterfaceOrientationLandscapeLeft UIInterfaceOrientationLandscapeRight";
				INFOPLIST_KEY_UISupportedInterfaceOrientations_iPhone = "UIInterfaceOrientationPortrait UIInterfaceOrientationLandscapeLeft UIInterfaceOrientationLandscapeRight";
				LD_RUNPATH_SEARCH_PATHS = (
					"$(inherited)",
					"@executable_path/Frameworks",
				);
				MARKETING_VERSION = 2.0;
				PRODUCT_BUNDLE_IDENTIFIER = com.6gr8.vibetokhd.standalone;
				PRODUCT_NAME = "$(TARGET_NAME)";
				SWIFT_EMIT_LOC_STRINGS = YES;
				SWIFT_VERSION = 5.0;
				TARGETED_DEVICE_FAMILY = "1,2";
			};
			name = Release;
		};
/* End XCBuildConfiguration section */

/* Begin XCConfigurationList section */
		G0010000000000000000A001 /* Build configuration list for PBXNativeTarget "VibeTok" */ = {
			isa = XCConfigurationList;
			buildConfigurations = (
				L0010000000000000000A001 /* Debug */,
				L0020000000000000000A002 /* Release */,
			);
			defaultConfigurationIsVisible = 0;
			defaultConfigurationName = Release;
		};
		J0010000000000000000A001 /* Build configuration list for PBXProject "VibeTok" */ = {
			isa = XCConfigurationList;
			buildConfigurations = (
				K0010000000000000000A001 /* Debug */,
				K0020000000000000000A002 /* Release */,
			);
			defaultConfigurationIsVisible = 0;
			defaultConfigurationName = Release;
		};
/* End XCConfigurationList section */
	};
	rootObject = I0010000000000000000A001 /* Project object */;
}
